
Microsoft Visual Studio Solution File, Format Version 12.00
# Visual Studio Version 16
VisualStudioVersion = 16.0.29503.13
MinimumVisualStudioVersion = 10.0.40219.1
Project("{FAE04EC0-301F-11D3-BF4B-00C04F79EFBC}") = "AcrDemoWebApp1", "AcrDemoWebApp1.csproj", "{3493C9FA-C10B-4EBA-BB17-F7235516937C}"
EndProject
Global
	GlobalSection(SolutionConfigurationPlatforms) = preSolution
		Debug|Any CPU = Debug|Any CPU
		Release|Any CPU = Release|Any CPU
	EndGlobalSection
	GlobalSection(ProjectConfigurationPlatforms) = postSolution
		{3493C9FA-C10B-4EBA-BB17-F7235516937C}.Debug|Any CPU.ActiveCfg = Debug|Any CPU
		{3493C9FA-C10B-4EBA-BB17-F7235516937C}.Debug|Any CPU.Build.0 = Debug|Any CPU
		{3493C9FA-C10B-4EBA-BB17-F7235516937C}.Release|Any CPU.ActiveCfg = Release|Any CPU
		{3493C9FA-C10B-4EBA-BB17-F7235516937C}.Release|Any CPU.Build.0 = Release|Any CPU
	EndGlobalSection
	GlobalSection(SolutionProperties) = preSolution
		HideSolutionNode = FALSE
	EndGlobalSection
	GlobalSection(ExtensibilityGlobals) = postSolution
		SolutionGuid = {AA1665E3-7E5F-4FF6-99EE-06150B2DD322}
	EndGlobalSection
EndGlobal
